// !$*UTF8*$!
{
	archiveVersion = 1;
	classes = {
	};
	objectVersion = 56;
	objects = {

/* Begin PBXBuildFile section */
		A1B2C3D4E5F6010000000000 /* Assets.xcassets in Resources */ = {isa = PBXBuildFile; fileRef = A1B2C3D4E5F6010000000013 /* Assets.xcassets */; };
		A1B2C3D4E5F6010000000001 /* main.swift in Sources */ = {isa = PBXBuildFile; fileRef = A1B2C3D4E5F6010000000010 /* main.swift */; };
/* End PBXBuildFile section */

/* Begin PBXFileReference section */
		A1B2C3D4E5F6010000000010 /* main.swift */ = {isa = PBXFileReference; lastKnownFileType = sourcecode.swift; path = GalacticNotifier/main.swift; sourceTree = "<group>"; };
		A1B2C3D4E5F6010000000011 /* Info.plist */ = {isa = PBXFileReference; lastKnownFileType = text.plist.xml; path = GalacticNotifier/Info.plist; sourceTree = "<group>"; };
		A1B2C3D4E5F6010000000012 /* Galactic Notifier.app */ = {isa = PBXFileReference; explicitFileType = wrapper.application; includeInIndex = 0; path = "Galactic Notifier.app"; sourceTree = BUILT_PRODUCTS_DIR; };
		A1B2C3D4E5F6010000000013 /* Assets.xcassets */ = {isa = PBXFileReference; lastKnownFileType = folder.assetcatalog; path = GalacticNotifier/Assets.xcassets; sourceTree = "<group>"; };
/* End PBXFileReference section */

/* Begin PBXFrameworksBuildPhase section */
		A1B2C3D4E5F6010000000020 /* Frameworks */ = {
			isa = PBXFrameworksBuildPhase;
			buildActionMask = 2147483647;
			files = (
			);
			runOnlyForDeploymentPostprocessing = 0;
		};
/* End PBXFrameworksBuildPhase section */

/* Begin PBXGroup section */
		A1B2C3D4E5F6010000000030 = {
			isa = PBXGroup;
			children = (
				A1B2C3D4E5F6010000000010 /* main.swift */,
				A1B2C3D4E5F6010000000011 /* Info.plist */,
				A1B2C3D4E5F6010000000013 /* Assets.xcassets */,
				A1B2C3D4E5F6010000000031 /* Products */,
			);
			sourceTree = "<group>";
		};
		A1B2C3D4E5F6010000000031 /* Products */ = {
			isa = PBXGroup;
			children = (
				A1B2C3D4E5F6010000000012 /* Galactic Notifier.app */,
			);
			name = Products;
			sourceTree = "<group>";
		};
/* End PBXGroup section */

/* Begin PBXNativeTarget section */
		A1B2C3D4E5F6010000000040 /* Galactic Notifier */ = {
			isa = PBXNativeTarget;
			buildConfigurationList = A1B2C3D4E5F6010000000051 /* Build configuration list for PBXNativeTarget "Galactic Notifier" */;
			buildPhases = (
				A1B2C3D4E5F6010000000021 /* Sources */,
				A1B2C3D4E5F6010000000020 /* Frameworks */,
				A1B2C3D4E5F6010000000022 /* Resources */,
			);
			buildRules = (
			);
			dependencies = (
			);
			name = "Galactic Notifier";
			productName = "Galactic Notifier";
			productReference = A1B2C3D4E5F6010000000012 /* Galactic Notifier.app */;
			productType = "com.apple.product-type.application";
		};
/* End PBXNativeTarget section */

/* Begin PBXProject section */
		A1B2C3D4E5F6010000000041 /* Project object */ = {
			isa = PBXProject;
			attributes = {
				LastSwiftUpdateCheck = 1600;
				LastUpgradeCheck = 1600;
				TargetAttributes = {
					A1B2C3D4E5F6010000000040 = {
						CreatedOnToolsVersion = 16.0;
					};
				};
			};
			buildConfigurationList = A1B2C3D4E5F6010000000050 /* Build configuration list for PBXProject "GalacticNotifier" */;
			compatibilityVersion = "Xcode 15.0";
			developmentRegion = en;
			hasScannedForEncodings = 0;
			knownRegions = (
				en,
			);
			mainGroup = A1B2C3D4E5F6010000000030;
			productRefGroup = A1B2C3D4E5F6010000000031 /* Products */;
			projectDirPath = "";
			projectRoot = "";
			targets = (
				A1B2C3D4E5F6010000000040 /* Galactic Notifier */,
			);
		};
/* End PBXProject section */

/* Begin PBXResourcesBuildPhase section */
		A1B2C3D4E5F6010000000022 /* Resources */ = {
			isa = PBXResourcesBuildPhase;
			buildActionMask = 2147483647;
			files = (
				A1B2C3D4E5F6010000000000 /* Assets.xcassets in Resources */,
			);
			runOnlyForDeploymentPostprocessing = 0;
		};
/* End PBXResourcesBuildPhase section */

/* Begin PBXSourcesBuildPhase section */
		A1B2C3D4E5F6010000000021 /* Sources */ = {
			isa = PBXSourcesBuildPhase;
			buildActionMask = 2147483647;
			files = (
				A1B2C3D4E5F6010000000001 /* main.swift in Sources */,
			);
			runOnlyForDeploymentPostprocessing = 0;
		};
/* End PBXSourcesBuildPhase section */

/* Begin XCBuildConfiguration section */
		A1B2C3D4E5F6010000000060 /* Debug */ = {
			isa = XCBuildConfiguration;
			buildSettings = {
				CODE_SIGN_STYLE = Automatic;
			};
			name = Debug;
		};
		A1B2C3D4E5F6010000000061 /* Release */ = {
			isa = XCBuildConfiguration;
			buildSettings = {
				CODE_SIGN_STYLE = Automatic;
			};
			name = Release;
		};
		A1B2C3D4E5F6010000000062 /* Debug */ = {
			isa = XCBuildConfiguration;
			buildSettings = {
				ASSETCATALOG_COMPILER_APPICON_NAME = AppIcon;
				CODE_SIGN_STYLE = Automatic;
				CURRENT_PROJECT_VERSION = 1.0.25;
				GENERATE_INFOPLIST_FILE = NO;
				INFOPLIST_FILE = GalacticNotifier/Info.plist;
				LD_RUNPATH_SEARCH_PATHS = (
					"$(inherited)",
					"@executable_path/../Frameworks",
				);
				MACOSX_DEPLOYMENT_TARGET = 12.0;
				MARKETING_VERSION = 1.0.25;
				PRODUCT_BUNDLE_IDENTIFIER = com.galactic.ide.notifier;
				PRODUCT_NAME = "Galactic Notifier";
				SDKROOT = macosx;
				SWIFT_VERSION = 5.0;
			};
			name = Debug;
		};
		A1B2C3D4E5F6010000000063 /* Release */ = {
			isa = XCBuildConfiguration;
			buildSettings = {
				ASSETCATALOG_COMPILER_APPICON_NAME = AppIcon;
				CODE_SIGN_STYLE = Automatic;
				CURRENT_PROJECT_VERSION = 1.0.25;
				GENERATE_INFOPLIST_FILE = NO;
				INFOPLIST_FILE = GalacticNotifier/Info.plist;
				LD_RUNPATH_SEARCH_PATHS = (
					"$(inherited)",
					"@executable_path/../Frameworks",
				);
				MACOSX_DEPLOYMENT_TARGET = 12.0;
				MARKETING_VERSION = 1.0.25;
				PRODUCT_BUNDLE_IDENTIFIER = com.galactic.ide.notifier;
				PRODUCT_NAME = "Galactic Notifier";
				SDKROOT = macosx;
				SWIFT_OPTIMIZATION_LEVEL = "-O";
				SWIFT_VERSION = 5.0;
			};
			name = Release;
		};
/* End XCBuildConfiguration section */

/* Begin XCConfigurationList section */
		A1B2C3D4E5F6010000000050 /* Build configuration list for PBXProject "GalacticNotifier" */ = {
			isa = XCConfigurationList;
			buildConfigurations = (
				A1B2C3D4E5F6010000000060 /* Debug */,
				A1B2C3D4E5F6010000000061 /* Release */,
			);
			defaultConfigurationIsVisible = 0;
			defaultConfigurationName = Release;
		};
		A1B2C3D4E5F6010000000051 /* Build configuration list for PBXNativeTarget "Galactic Notifier" */ = {
			isa = XCConfigurationList;
			buildConfigurations = (
				A1B2C3D4E5F6010000000062 /* Debug */,
				A1B2C3D4E5F6010000000063 /* Release */,
			);
			defaultConfigurationIsVisible = 0;
			defaultConfigurationName = Release;
		};
/* End XCConfigurationList section */
	};
	rootObject = A1B2C3D4E5F6010000000041 /* Project object */;
}
